
Microsoft Visual Studio Solution File, Format Version 12.00
# Visual Studio Version 17
VisualStudioVersion = 17.14.36203.30 d17.14
MinimumVisualStudioVersion = 10.0.40219.1
Project("{FAE04EC0-301F-11D3-BF4B-00C04F79EFBC}") = "Bai02", "Bai02.csproj", "{EBC0E4FA-0AA0-43A3-95F7-0B670D8D7C71}"
EndProject
Global
	GlobalSection(SolutionConfigurationPlatforms) = preSolution
		Debug|Any CPU = Debug|Any CPU
		Release|Any CPU = Release|Any CPU
	EndGlobalSection
	GlobalSection(ProjectConfigurationPlatforms) = postSolution
		{EBC0E4FA-0AA0-43A3-95F7-0B670D8D7C71}.Debug|Any CPU.ActiveCfg = Debug|Any CPU
		{EBC0E4FA-0AA0-43A3-95F7-0B670D8D7C71}.Debug|Any CPU.Build.0 = Debug|Any CPU
		{EBC0E4FA-0AA0-43A3-95F7-0B670D8D7C71}.Release|Any CPU.ActiveCfg = Release|Any CPU
		{EBC0E4FA-0AA0-43A3-95F7-0B670D8D7C71}.Release|Any CPU.Build.0 = Release|Any CPU
	EndGlobalSection
	GlobalSection(SolutionProperties) = preSolution
		HideSolutionNode = FALSE
	EndGlobalSection
	GlobalSection(ExtensibilityGlobals) = postSolution
		SolutionGuid = {A154D793-0CFF-476D-8AA0-D0D99249B80E}
	EndGlobalSection
EndGlobal
