
Microsoft Visual Studio Solution File, Format Version 12.00
Project("{FAE04EC0-301F-11D3-BF4B-00C04F79EFBC}") = "StudentFirebaseManagement", "StudentFirebaseManagement\StudentFirebaseManagement.csproj", "{87C77CF8-90BC-404F-99D8-7AC0032E38CD}"
EndProject
Global
	GlobalSection(SolutionConfigurationPlatforms) = preSolution
		Debug|Any CPU = Debug|Any CPU
		Release|Any CPU = Release|Any CPU
	EndGlobalSection
	GlobalSection(ProjectConfigurationPlatforms) = postSolution
		{87C77CF8-90BC-404F-99D8-7AC0032E38CD}.Debug|Any CPU.ActiveCfg = Debug|Any CPU
		{87C77CF8-90BC-404F-99D8-7AC0032E38CD}.Debug|Any CPU.Build.0 = Debug|Any CPU
		{87C77CF8-90BC-404F-99D8-7AC0032E38CD}.Release|Any CPU.ActiveCfg = Release|Any CPU
		{87C77CF8-90BC-404F-99D8-7AC0032E38CD}.Release|Any CPU.Build.0 = Release|Any CPU
	EndGlobalSection
EndGlobal
