
Microsoft Visual Studio Solution File, Format Version 12.00
Project("{FAE04EC0-301F-11D3-BF4B-00C04F79EFBC}") = "Lab02", "Lab02\Lab02.csproj", "{EEEDEE6C-6C77-4A87-83B1-BBEC1DA8C6CE}"
EndProject
Global
	GlobalSection(SolutionConfigurationPlatforms) = preSolution
		Debug|Any CPU = Debug|Any CPU
		Release|Any CPU = Release|Any CPU
	EndGlobalSection
	GlobalSection(ProjectConfigurationPlatforms) = postSolution
		{EEEDEE6C-6C77-4A87-83B1-BBEC1DA8C6CE}.Debug|Any CPU.ActiveCfg = Debug|Any CPU
		{EEEDEE6C-6C77-4A87-83B1-BBEC1DA8C6CE}.Debug|Any CPU.Build.0 = Debug|Any CPU
		{EEEDEE6C-6C77-4A87-83B1-BBEC1DA8C6CE}.Release|Any CPU.ActiveCfg = Release|Any CPU
		{EEEDEE6C-6C77-4A87-83B1-BBEC1DA8C6CE}.Release|Any CPU.Build.0 = Release|Any CPU
	EndGlobalSection
EndGlobal
